{
  "name": "media-server-example",
  "lockfileVersion": 3,
  "requires": true,
  "packages": {
    "": {
      "name": "media-server-example",
      "dependencies": {
        "co-media-file": "file:../../infra/co-media-file",
        "co-media-library": "file:../../infra/co-media-library",
        "co-media-upload": "file:../../infra/co-media-upload",
        "cofound": "file:../../pkg"
      }
    },
    "../../infra/co-media-file": {},
    "../../infra/co-media-library": {
      "dependencies": {
        "co-media-file": "file:../co-media-file"
      }
    },
    "../../infra/co-media-upload": {},
    "../../pkg": {
      "name": "cofound",
      "version": "1.0.0-rc.1",
      "hasInstallScript": true,
      "dependencies": {
        "better-sqlite3": "^11.0.0",
        "debug": "^4.3.4",
        "esbuild": "0.24.0"
      },
      "bin": {
        "cofound": "bin/index.js"
      },
      "engines": {
        "node": ">=20.11"
      }
    },
    "node_modules/co-media-file": {
      "resolved": "../../infra/co-media-file",
      "link": true
    },
    "node_modules/co-media-library": {
      "resolved": "../../infra/co-media-library",
      "link": true
    },
    "node_modules/co-media-upload": {
      "resolved": "../../infra/co-media-upload",
      "link": true
    },
    "node_modules/cofound": {
      "resolved": "../../pkg",
      "link": true
    }
  }
}
