{
  "name": "co-sheets",
  "lockfileVersion": 3,
  "requires": true,
  "packages": {
    "": {
      "name": "co-sheets",
      "dependencies": {
        "cofound": "file:../.."
      }
    },
    "../..": {
      "version": "1.0.0-rc.2",
      "hasInstallScript": true,
      "dependencies": {
        "better-sqlite3": "^11.0.0",
        "debug": "^4.3.4",
        "esbuild": "0.24.0"
      },
      "bin": {
        "cofound": "bin/index.js"
      },
      "engines": {
        "node": ">=20.11"
      }
    },
    "node_modules/cofound": {
      "resolved": "../..",
      "link": true
    }
  }
}
