{
  "name": "project-tracker",
  "lockfileVersion": 3,
  "requires": true,
  "packages": {
    "": {
      "name": "project-tracker",
      "dependencies": {
        "co-sheets": "file:../../infra/co-sheets",
        "co-sync": "file:../../infra/co-sync",
        "cofound": "file:../../pkg"
      }
    },
    "../../infra/co-sheets": {
      "dependencies": {
        "cofound": "file:../../pkg"
      }
    },
    "../../infra/co-sync": {
      "dependencies": {
        "co-sql": "file:../co-sql",
        "cofound": "file:../../pkg"
      }
    },
    "../../pkg": {
      "name": "cofound",
      "version": "1.0.0-rc.1",
      "hasInstallScript": true,
      "dependencies": {
        "better-sqlite3": "^11.0.0",
        "debug": "^4.3.4",
        "esbuild": "0.24.0"
      },
      "bin": {
        "cofound": "bin/index.js"
      },
      "engines": {
        "node": ">=20.11"
      }
    },
    "node_modules/co-sheets": {
      "resolved": "../../infra/co-sheets",
      "link": true
    },
    "node_modules/co-sync": {
      "resolved": "../../infra/co-sync",
      "link": true
    },
    "node_modules/cofound": {
      "resolved": "../../pkg",
      "link": true
    }
  }
}
