{
  "name": "project-tracker",
  "lockfileVersion": 3,
  "requires": true,
  "packages": {
    "": {
      "name": "project-tracker",
      "dependencies": {
        "co-sheets": "file:../../infra/co-sheets",
        "cos": "file:../../pkg"
      }
    },
    "../../infra/co-sheets": {
      "dependencies": {
        "cos": "file:../../pkg"
      }
    },
    "../../pkg": {
      "name": "cos",
      "version": "1.0.0-rc.1",
      "hasInstallScript": true,
      "dependencies": {
        "better-sqlite3": "^11.0.0",
        "debug": "^4.3.4",
        "esbuild": "0.24.0"
      },
      "bin": {
        "cos": "bin/index.js"
      },
      "engines": {
        "node": ">=20.11"
      }
    },
    "node_modules/co-sheets": {
      "resolved": "../../infra/co-sheets",
      "link": true
    },
    "node_modules/cos": {
      "resolved": "../../pkg",
      "link": true
    }
  }
}
